
Microsoft Visual Studio Solution File, Format Version 12.00
# Visual Studio Version 17
VisualStudioVersion = 17.11.35327.3
MinimumVisualStudioVersion = 10.0.40219.1
Project("{FAE04EC0-301F-11D3-BF4B-00C04F79EFBC}") = "yazilim251003", "yazilim251003.csproj", "{ECCE5115-D7BA-4C08-A1FD-D257CFDD78EE}"
EndProject
Global
	GlobalSection(SolutionConfigurationPlatforms) = preSolution
		Debug|Any CPU = Debug|Any CPU
		Release|Any CPU = Release|Any CPU
	EndGlobalSection
	GlobalSection(ProjectConfigurationPlatforms) = postSolution
		{ECCE5115-D7BA-4C08-A1FD-D257CFDD78EE}.Debug|Any CPU.ActiveCfg = Debug|Any CPU
		{ECCE5115-D7BA-4C08-A1FD-D257CFDD78EE}.Debug|Any CPU.Build.0 = Debug|Any CPU
		{ECCE5115-D7BA-4C08-A1FD-D257CFDD78EE}.Release|Any CPU.ActiveCfg = Release|Any CPU
		{ECCE5115-D7BA-4C08-A1FD-D257CFDD78EE}.Release|Any CPU.Build.0 = Release|Any CPU
	EndGlobalSection
	GlobalSection(SolutionProperties) = preSolution
		HideSolutionNode = FALSE
	EndGlobalSection
	GlobalSection(ExtensibilityGlobals) = postSolution
		SolutionGuid = {597BDA55-8805-45C4-AFAE-5B2F92D5DA8E}
	EndGlobalSection
EndGlobal
